// !$*UTF8*$!
{
	archiveVersion = 1;
	classes = {
	};
	objectVersion = 48;
	objects = {

/* Begin PBXBuildFile section */
		4FA8FD88204E9F7200346738 /* AppDelegate.swift in Sources */ = {isa = PBXBuildFile; fileRef = 4FA8FD87204E9F7200346738 /* AppDelegate.swift */; };
		4FA8FD8A204E9F7200346738 /* ViewController.swift in Sources */ = {isa = PBXBuildFile; fileRef = 4FA8FD89204E9F7200346738 /* ViewController.swift */; };
		4FA8FD8D204E9F7200346738 /* Main.storyboard in Resources */ = {isa = PBXBuildFile; fileRef = 4FA8FD8B204E9F7200346738 /* Main.storyboard */; };
		4FA8FD8F204E9F7200346738 /* Assets.xcassets in Resources */ = {isa = PBXBuildFile; fileRef = 4FA8FD8E204E9F7200346738 /* Assets.xcassets */; };
		4FA8FD92204E9F7200346738 /* LaunchScreen.storyboard in Resources */ = {isa = PBXBuildFile; fileRef = 4FA8FD90204E9F7200346738 /* LaunchScreen.storyboard */; };
		4FA8FDA5204EFBB700346738 /* Firebase.framework in Frameworks */ = {isa = PBXBuildFile; fileRef = 4FA8FD9B204EFBB700346738 /* Firebase.framework */; };
		4FA8FDA6204EFBB700346738 /* FirebaseCore.framework in Frameworks */ = {isa = PBXBuildFile; fileRef = 4FA8FD9C204EFBB700346738 /* FirebaseCore.framework */; };
		4FA8FDA7204EFBB700346738 /* GoogleToolboxForMac.framework in Frameworks */ = {isa = PBXBuildFile; fileRef = 4FA8FD9D204EFBB700346738 /* GoogleToolboxForMac.framework */; };
		4FA8FDA8204EFBB700346738 /* FirebaseMessaging.framework in Frameworks */ = {isa = PBXBuildFile; fileRef = 4FA8FD9E204EFBB700346738 /* FirebaseMessaging.framework */; };
		4FA8FDA9204EFBB700346738 /* nanopb.framework in Frameworks */ = {isa = PBXBuildFile; fileRef = 4FA8FD9F204EFBB700346738 /* nanopb.framework */; };
		4FA8FDAA204EFBB700346738 /* FirebaseInstanceID.framework in Frameworks */ = {isa = PBXBuildFile; fileRef = 4FA8FDA0204EFBB700346738 /* FirebaseInstanceID.framework */; };
		4FA8FDAB204EFBB700346738 /* FirebaseNanoPB.framework in Frameworks */ = {isa = PBXBuildFile; fileRef = 4FA8FDA1204EFBB700346738 /* FirebaseNanoPB.framework */; };
		4FA8FDAC204EFBB700346738 /* Protobuf.framework in Frameworks */ = {isa = PBXBuildFile; fileRef = 4FA8FDA2204EFBB700346738 /* Protobuf.framework */; };
		4FA8FDAD204EFBB700346738 /* FirebaseCoreDiagnostics.framework in Frameworks */ = {isa = PBXBuildFile; fileRef = 4FA8FDA3204EFBB700346738 /* FirebaseCoreDiagnostics.framework */; };
		4FA8FDAE204EFBB700346738 /* FirebaseAnalytics.framework in Frameworks */ = {isa = PBXBuildFile; fileRef = 4FA8FDA4204EFBB700346738 /* FirebaseAnalytics.framework */; };
		4FA8FDB3204EFDC900346738 /* TestView.swift in Sources */ = {isa = PBXBuildFile; fileRef = 4FA8FDB2204EFDC900346738 /* TestView.swift */; };
		4FA8FDB4204F069400346738 /* Lottie.framework in Frameworks */ = {isa = PBXBuildFile; fileRef = 4FA8FDAF204EFC5800346738 /* Lottie.framework */; };
		4FA8FDB5204F069400346738 /* Lottie.framework in Embed Frameworks */ = {isa = PBXBuildFile; fileRef = 4FA8FDAF204EFC5800346738 /* Lottie.framework */; settings = {ATTRIBUTES = (CodeSignOnCopy, RemoveHeadersOnCopy, ); }; };
		4FA8FDBA204F0C4400346738 /* newAnimation.json in Resources */ = {isa = PBXBuildFile; fileRef = 4FA8FDB9204F0C4400346738 /* newAnimation.json */; };
		4FA8FDBC204F111300346738 /* GoogleService-Info.plist in Resources */ = {isa = PBXBuildFile; fileRef = 4FA8FDBB204F111200346738 /* GoogleService-Info.plist */; };
/* End PBXBuildFile section */

/* Begin PBXCopyFilesBuildPhase section */
		4FA8FDB6204F069400346738 /* Embed Frameworks */ = {
			isa = PBXCopyFilesBuildPhase;
			buildActionMask = 2147483647;
			dstPath = "";
			dstSubfolderSpec = 10;
			files = (
				4FA8FDB5204F069400346738 /* Lottie.framework in Embed Frameworks */,
			);
			name = "Embed Frameworks";
			runOnlyForDeploymentPostprocessing = 0;
		};
/* End PBXCopyFilesBuildPhase section */

/* Begin PBXFileReference section */
		4FA8FD84204E9F7200346738 /* iOSTalk.app */ = {isa = PBXFileReference; explicitFileType = wrapper.application; includeInIndex = 0; path = iOSTalk.app; sourceTree = BUILT_PRODUCTS_DIR; };
		4FA8FD87204E9F7200346738 /* AppDelegate.swift */ = {isa = PBXFileReference; lastKnownFileType = sourcecode.swift; path = AppDelegate.swift; sourceTree = "<group>"; };
		4FA8FD89204E9F7200346738 /* ViewController.swift */ = {isa = PBXFileReference; lastKnownFileType = sourcecode.swift; path = ViewController.swift; sourceTree = "<group>"; };
		4FA8FD8C204E9F7200346738 /* Base */ = {isa = PBXFileReference; lastKnownFileType = file.storyboard; name = Base; path = Base.lproj/Main.storyboard; sourceTree = "<group>"; };
		4FA8FD8E204E9F7200346738 /* Assets.xcassets */ = {isa = PBXFileReference; lastKnownFileType = folder.assetcatalog; path = Assets.xcassets; sourceTree = "<group>"; };
		4FA8FD91204E9F7200346738 /* Base */ = {isa = PBXFileReference; lastKnownFileType = file.storyboard; name = Base; path = Base.lproj/LaunchScreen.storyboard; sourceTree = "<group>"; };
		4FA8FD93204E9F7200346738 /* Info.plist */ = {isa = PBXFileReference; lastKnownFileType = text.plist.xml; path = Info.plist; sourceTree = "<group>"; };
		4FA8FD99204EABC700346738 /* iOSTalk.entitlements */ = {isa = PBXFileReference; lastKnownFileType = text.plist.entitlements; path = iOSTalk.entitlements; sourceTree = "<group>"; };
		4FA8FD9B204EFBB700346738 /* Firebase.framework */ = {isa = PBXFileReference; lastKnownFileType = wrapper.framework; name = Firebase.framework; path = Carthage/Build/iOS/Firebase.framework; sourceTree = "<group>"; };
		4FA8FD9C204EFBB700346738 /* FirebaseCore.framework */ = {isa = PBXFileReference; lastKnownFileType = wrapper.framework; name = FirebaseCore.framework; path = Carthage/Build/iOS/FirebaseCore.framework; sourceTree = "<group>"; };
		4FA8FD9D204EFBB700346738 /* GoogleToolboxForMac.framework */ = {isa = PBXFileReference; lastKnownFileType = wrapper.framework; name = GoogleToolboxForMac.framework; path = Carthage/Build/iOS/GoogleToolboxForMac.framework; sourceTree = "<group>"; };
		4FA8FD9E204EFBB700346738 /* FirebaseMessaging.framework */ = {isa = PBXFileReference; lastKnownFileType = wrapper.framework; name = FirebaseMessaging.framework; path = Carthage/Build/iOS/FirebaseMessaging.framework; sourceTree = "<group>"; };
		4FA8FD9F204EFBB700346738 /* nanopb.framework */ = {isa = PBXFileReference; lastKnownFileType = wrapper.framework; name = nanopb.framework; path = Carthage/Build/iOS/nanopb.framework; sourceTree = "<group>"; };
		4FA8FDA0204EFBB700346738 /* FirebaseInstanceID.framework */ = {isa = PBXFileReference; lastKnownFileType = wrapper.framework; name = FirebaseInstanceID.framework; path = Carthage/Build/iOS/FirebaseInstanceID.framework; sourceTree = "<group>"; };
		4FA8FDA1204EFBB700346738 /* FirebaseNanoPB.framework */ = {isa = PBXFileReference; lastKnownFileType = wrapper.framework; name = FirebaseNanoPB.framework; path = Carthage/Build/iOS/FirebaseNanoPB.framework; sourceTree = "<group>"; };
		4FA8FDA2204EFBB700346738 /* Protobuf.framework */ = {isa = PBXFileReference; lastKnownFileType = wrapper.framework; name = Protobuf.framework; path = Carthage/Build/iOS/Protobuf.framework; sourceTree = "<group>"; };
		4FA8FDA3204EFBB700346738 /* FirebaseCoreDiagnostics.framework */ = {isa = PBXFileReference; lastKnownFileType = wrapper.framework; name = FirebaseCoreDiagnostics.framework; path = Carthage/Build/iOS/FirebaseCoreDiagnostics.framework; sourceTree = "<group>"; };
		4FA8FDA4204EFBB700346738 /* FirebaseAnalytics.framework */ = {isa = PBXFileReference; lastKnownFileType = wrapper.framework; name = FirebaseAnalytics.framework; path = Carthage/Build/iOS/FirebaseAnalytics.framework; sourceTree = "<group>"; };
		4FA8FDAF204EFC5800346738 /* Lottie.framework */ = {isa = PBXFileReference; lastKnownFileType = wrapper.framework; name = Lottie.framework; path = Carthage/Build/iOS/Lottie.framework; sourceTree = "<group>"; };
		4FA8FDB2204EFDC900346738 /* TestView.swift */ = {isa = PBXFileReference; lastKnownFileType = sourcecode.swift; path = TestView.swift; sourceTree = "<group>"; };
		4FA8FDB9204F0C4400346738 /* newAnimation.json */ = {isa = PBXFileReference; fileEncoding = 4; lastKnownFileType = text.json; path = newAnimation.json; sourceTree = "<group>"; };
		4FA8FDBB204F111200346738 /* GoogleService-Info.plist */ = {isa = PBXFileReference; fileEncoding = 4; lastKnownFileType = text.plist.xml; path = "GoogleService-Info.plist"; sourceTree = "<group>"; };
/* End PBXFileReference section */

/* Begin PBXFrameworksBuildPhase section */
		4FA8FD81204E9F7200346738 /* Frameworks */ = {
			isa = PBXFrameworksBuildPhase;
			buildActionMask = 2147483647;
			files = (
				4FA8FDA5204EFBB700346738 /* Firebase.framework in Frameworks */,
				4FA8FDA6204EFBB700346738 /* FirebaseCore.framework in Frameworks */,
				4FA8FDA7204EFBB700346738 /* GoogleToolboxForMac.framework in Frameworks */,
				4FA8FDA8204EFBB700346738 /* FirebaseMessaging.framework in Frameworks */,
				4FA8FDB4204F069400346738 /* Lottie.framework in Frameworks */,
				4FA8FDA9204EFBB700346738 /* nanopb.framework in Frameworks */,
				4FA8FDAA204EFBB700346738 /* FirebaseInstanceID.framework in Frameworks */,
				4FA8FDAB204EFBB700346738 /* FirebaseNanoPB.framework in Frameworks */,
				4FA8FDAC204EFBB700346738 /* Protobuf.framework in Frameworks */,
				4FA8FDAD204EFBB700346738 /* FirebaseCoreDiagnostics.framework in Frameworks */,
				4FA8FDAE204EFBB700346738 /* FirebaseAnalytics.framework in Frameworks */,
			);
			runOnlyForDeploymentPostprocessing = 0;
		};
/* End PBXFrameworksBuildPhase section */

/* Begin PBXGroup section */
		4FA8FD7B204E9F7200346738 = {
			isa = PBXGroup;
			children = (
				4FA8FD86204E9F7200346738 /* iOSTalk */,
				4FA8FD85204E9F7200346738 /* Products */,
				4FA8FD9A204EFBB600346738 /* Frameworks */,
			);
			sourceTree = "<group>";
		};
		4FA8FD85204E9F7200346738 /* Products */ = {
			isa = PBXGroup;
			children = (
				4FA8FD84204E9F7200346738 /* iOSTalk.app */,
			);
			name = Products;
			sourceTree = "<group>";
		};
		4FA8FD86204E9F7200346738 /* iOSTalk */ = {
			isa = PBXGroup;
			children = (
				4FA8FDBB204F111200346738 /* GoogleService-Info.plist */,
				4FA8FDB9204F0C4400346738 /* newAnimation.json */,
				4FA8FDB2204EFDC900346738 /* TestView.swift */,
				4FA8FD99204EABC700346738 /* iOSTalk.entitlements */,
				4FA8FD87204E9F7200346738 /* AppDelegate.swift */,
				4FA8FD89204E9F7200346738 /* ViewController.swift */,
				4FA8FD8B204E9F7200346738 /* Main.storyboard */,
				4FA8FD8E204E9F7200346738 /* Assets.xcassets */,
				4FA8FD90204E9F7200346738 /* LaunchScreen.storyboard */,
				4FA8FD93204E9F7200346738 /* Info.plist */,
			);
			path = iOSTalk;
			sourceTree = "<group>";
		};
		4FA8FD9A204EFBB600346738 /* Frameworks */ = {
			isa = PBXGroup;
			children = (
				4FA8FDAF204EFC5800346738 /* Lottie.framework */,
				4FA8FD9B204EFBB700346738 /* Firebase.framework */,
				4FA8FDA4204EFBB700346738 /* FirebaseAnalytics.framework */,
				4FA8FD9C204EFBB700346738 /* FirebaseCore.framework */,
				4FA8FDA3204EFBB700346738 /* FirebaseCoreDiagnostics.framework */,
				4FA8FDA0204EFBB700346738 /* FirebaseInstanceID.framework */,
				4FA8FD9E204EFBB700346738 /* FirebaseMessaging.framework */,
				4FA8FDA1204EFBB700346738 /* FirebaseNanoPB.framework */,
				4FA8FD9D204EFBB700346738 /* GoogleToolboxForMac.framework */,
				4FA8FD9F204EFBB700346738 /* nanopb.framework */,
				4FA8FDA2204EFBB700346738 /* Protobuf.framework */,
			);
			name = Frameworks;
			sourceTree = "<group>";
		};
/* End PBXGroup section */

/* Begin PBXNativeTarget section */
		4FA8FD83204E9F7200346738 /* iOSTalk */ = {
			isa = PBXNativeTarget;
			buildConfigurationList = 4FA8FD96204E9F7200346738 /* Build configuration list for PBXNativeTarget "iOSTalk" */;
			buildPhases = (
				4FA8FD80204E9F7200346738 /* Sources */,
				4FA8FD81204E9F7200346738 /* Frameworks */,
				4FA8FD82204E9F7200346738 /* Resources */,
				4FA8FDB6204F069400346738 /* Embed Frameworks */,
			);
			buildRules = (
			);
			dependencies = (
			);
			name = iOSTalk;
			productName = iOSTalk;
			productReference = 4FA8FD84204E9F7200346738 /* iOSTalk.app */;
			productType = "com.apple.product-type.application";
		};
/* End PBXNativeTarget section */

/* Begin PBXProject section */
		4FA8FD7C204E9F7200346738 /* Project object */ = {
			isa = PBXProject;
			attributes = {
				LastSwiftUpdateCheck = 0920;
				LastUpgradeCheck = 0920;
				ORGANIZATIONNAME = "Alejandro López Rocha";
				TargetAttributes = {
					4FA8FD83204E9F7200346738 = {
						CreatedOnToolsVersion = 9.2;
						ProvisioningStyle = Manual;
						SystemCapabilities = {
							com.apple.Push = {
								enabled = 1;
							};
						};
					};
				};
			};
			buildConfigurationList = 4FA8FD7F204E9F7200346738 /* Build configuration list for PBXProject "iOSTalk" */;
			compatibilityVersion = "Xcode 8.0";
			developmentRegion = en;
			hasScannedForEncodings = 0;
			knownRegions = (
				en,
				Base,
			);
			mainGroup = 4FA8FD7B204E9F7200346738;
			productRefGroup = 4FA8FD85204E9F7200346738 /* Products */;
			projectDirPath = "";
			projectRoot = "";
			targets = (
				4FA8FD83204E9F7200346738 /* iOSTalk */,
			);
		};
/* End PBXProject section */

/* Begin PBXResourcesBuildPhase section */
		4FA8FD82204E9F7200346738 /* Resources */ = {
			isa = PBXResourcesBuildPhase;
			buildActionMask = 2147483647;
			files = (
				4FA8FD92204E9F7200346738 /* LaunchScreen.storyboard in Resources */,
				4FA8FD8F204E9F7200346738 /* Assets.xcassets in Resources */,
				4FA8FDBC204F111300346738 /* GoogleService-Info.plist in Resources */,
				4FA8FD8D204E9F7200346738 /* Main.storyboard in Resources */,
				4FA8FDBA204F0C4400346738 /* newAnimation.json in Resources */,
			);
			runOnlyForDeploymentPostprocessing = 0;
		};
/* End PBXResourcesBuildPhase section */

/* Begin PBXSourcesBuildPhase section */
		4FA8FD80204E9F7200346738 /* Sources */ = {
			isa = PBXSourcesBuildPhase;
			buildActionMask = 2147483647;
			files = (
				4FA8FDB3204EFDC900346738 /* TestView.swift in Sources */,
				4FA8FD8A204E9F7200346738 /* ViewController.swift in Sources */,
				4FA8FD88204E9F7200346738 /* AppDelegate.swift in Sources */,
			);
			runOnlyForDeploymentPostprocessing = 0;
		};
/* End PBXSourcesBuildPhase section */

/* Begin PBXVariantGroup section */
		4FA8FD8B204E9F7200346738 /* Main.storyboard */ = {
			isa = PBXVariantGroup;
			children = (
				4FA8FD8C204E9F7200346738 /* Base */,
			);
			name = Main.storyboard;
			sourceTree = "<group>";
		};
		4FA8FD90204E9F7200346738 /* LaunchScreen.storyboard */ = {
			isa = PBXVariantGroup;
			children = (
				4FA8FD91204E9F7200346738 /* Base */,
			);
			name = LaunchScreen.storyboard;
			sourceTree = "<group>";
		};
/* End PBXVariantGroup section */

/* Begin XCBuildConfiguration section */
		4FA8FD94204E9F7200346738 /* Debug */ = {
			isa = XCBuildConfiguration;
			buildSettings = {
				ALWAYS_SEARCH_USER_PATHS = NO;
				CLANG_ANALYZER_NONNULL = YES;
				CLANG_ANALYZER_NUMBER_OBJECT_CONVERSION = YES_AGGRESSIVE;
				CLANG_CXX_LANGUAGE_STANDARD = "gnu++14";
				CLANG_CXX_LIBRARY = "libc++";
				CLANG_ENABLE_MODULES = YES;
				CLANG_ENABLE_OBJC_ARC = YES;
				CLANG_WARN_BLOCK_CAPTURE_AUTORELEASING = YES;
				CLANG_WARN_BOOL_CONVERSION = YES;
				CLANG_WARN_COMMA = YES;
				CLANG_WARN_CONSTANT_CONVERSION = YES;
				CLANG_WARN_DIRECT_OBJC_ISA_USAGE = YES_ERROR;
				CLANG_WARN_DOCUMENTATION_COMMENTS = YES;
				CLANG_WARN_EMPTY_BODY = YES;
				CLANG_WARN_ENUM_CONVERSION = YES;
				CLANG_WARN_INFINITE_RECURSION = YES;
				CLANG_WARN_INT_CONVERSION = YES;
				CLANG_WARN_NON_LITERAL_NULL_CONVERSION = YES;
				CLANG_WARN_OBJC_LITERAL_CONVERSION = YES;
				CLANG_WARN_OBJC_ROOT_CLASS = YES_ERROR;
				CLANG_WARN_RANGE_LOOP_ANALYSIS = YES;
				CLANG_WARN_STRICT_PROTOTYPES = YES;
				CLANG_WARN_SUSPICIOUS_MOVE = YES;
				CLANG_WARN_UNGUARDED_AVAILABILITY = YES_AGGRESSIVE;
				CLANG_WARN_UNREACHABLE_CODE = YES;
				CLANG_WARN__DUPLICATE_METHOD_MATCH = YES;
				CODE_SIGN_IDENTITY = "iPhone Developer";
				COPY_PHASE_STRIP = NO;
				DEBUG_INFORMATION_FORMAT = dwarf;
				ENABLE_STRICT_OBJC_MSGSEND = YES;
				ENABLE_TESTABILITY = YES;
				GCC_C_LANGUAGE_STANDARD = gnu11;
				GCC_DYNAMIC_NO_PIC = NO;
				GCC_NO_COMMON_BLOCKS = YES;
				GCC_OPTIMIZATION_LEVEL = 0;
				GCC_PREPROCESSOR_DEFINITIONS = (
					"DEBUG=1",
					"$(inherited)",
				);
				GCC_WARN_64_TO_32_BIT_CONVERSION = YES;
				GCC_WARN_ABOUT_RETURN_TYPE = YES_ERROR;
				GCC_WARN_UNDECLARED_SELECTOR = YES;
				GCC_WARN_UNINITIALIZED_AUTOS = YES_AGGRESSIVE;
				GCC_WARN_UNUSED_FUNCTION = YES;
				GCC_WARN_UNUSED_VARIABLE = YES;
				IPHONEOS_DEPLOYMENT_TARGET = 11.2;
				MTL_ENABLE_DEBUG_INFO = YES;
				ONLY_ACTIVE_ARCH = YES;
				OTHER_LDFLAGS = "-ObjC";
				SDKROOT = iphoneos;
				SWIFT_ACTIVE_COMPILATION_CONDITIONS = DEBUG;
				SWIFT_OPTIMIZATION_LEVEL = "-Onone";
			};
			name = Debug;
		};
		4FA8FD95204E9F7200346738 /* Release */ = {
			isa = XCBuildConfiguration;
			buildSettings = {
				ALWAYS_SEARCH_USER_PATHS = NO;
				CLANG_ANALYZER_NONNULL = YES;
				CLANG_ANALYZER_NUMBER_OBJECT_CONVERSION = YES_AGGRESSIVE;
				CLANG_CXX_LANGUAGE_STANDARD = "gnu++14";
				CLANG_CXX_LIBRARY = "libc++";
				CLANG_ENABLE_MODULES = YES;
				CLANG_ENABLE_OBJC_ARC = YES;
				CLANG_WARN_BLOCK_CAPTURE_AUTORELEASING = YES;
				CLANG_WARN_BOOL_CONVERSION = YES;
				CLANG_WARN_COMMA = YES;
				CLANG_WARN_CONSTANT_CONVERSION = YES;
				CLANG_WARN_DIRECT_OBJC_ISA_USAGE = YES_ERROR;
				CLANG_WARN_DOCUMENTATION_COMMENTS = YES;
				CLANG_WARN_EMPTY_BODY = YES;
				CLANG_WARN_ENUM_CONVERSION = YES;
				CLANG_WARN_INFINITE_RECURSION = YES;
				CLANG_WARN_INT_CONVERSION = YES;
				CLANG_WARN_NON_LITERAL_NULL_CONVERSION = YES;
				CLANG_WARN_OBJC_LITERAL_CONVERSION = YES;
				CLANG_WARN_OBJC_ROOT_CLASS = YES_ERROR;
				CLANG_WARN_RANGE_LOOP_ANALYSIS = YES;
				CLANG_WARN_STRICT_PROTOTYPES = YES;
				CLANG_WARN_SUSPICIOUS_MOVE = YES;
				CLANG_WARN_UNGUARDED_AVAILABILITY = YES_AGGRESSIVE;
				CLANG_WARN_UNREACHABLE_CODE = YES;
				CLANG_WARN__DUPLICATE_METHOD_MATCH = YES;
				CODE_SIGN_IDENTITY = "iPhone Developer";
				COPY_PHASE_STRIP = NO;
				DEBUG_INFORMATION_FORMAT = "dwarf-with-dsym";
				ENABLE_NS_ASSERTIONS = NO;
				ENABLE_STRICT_OBJC_MSGSEND = YES;
				GCC_C_LANGUAGE_STANDARD = gnu11;
				GCC_NO_COMMON_BLOCKS = YES;
				GCC_WARN_64_TO_32_BIT_CONVERSION = YES;
				GCC_WARN_ABOUT_RETURN_TYPE = YES_ERROR;
				GCC_WARN_UNDECLARED_SELECTOR = YES;
				GCC_WARN_UNINITIALIZED_AUTOS = YES_AGGRESSIVE;
				GCC_WARN_UNUSED_FUNCTION = YES;
				GCC_WARN_UNUSED_VARIABLE = YES;
				IPHONEOS_DEPLOYMENT_TARGET = 11.2;
				MTL_ENABLE_DEBUG_INFO = NO;
				OTHER_LDFLAGS = "-ObjC";
				SDKROOT = iphoneos;
				SWIFT_OPTIMIZATION_LEVEL = "-Owholemodule";
				VALIDATE_PRODUCT = YES;
			};
			name = Release;
		};
		4FA8FD97204E9F7200346738 /* Debug */ = {
			isa = XCBuildConfiguration;
			buildSettings = {
				ASSETCATALOG_COMPILER_APPICON_NAME = AppIcon;
				CODE_SIGN_ENTITLEMENTS = iOSTalk/iOSTalk.entitlements;
				CODE_SIGN_STYLE = Manual;
				DEVELOPMENT_TEAM = 4DWNK4MCTP;
				ENABLE_BITCODE = NO;
				FRAMEWORK_SEARCH_PATHS = (
					"$(inherited)",
					"$(PROJECT_DIR)/Carthage/Build/iOS",
				);
				INFOPLIST_FILE = iOSTalk/Info.plist;
				LD_RUNPATH_SEARCH_PATHS = "$(inherited) @executable_path/Frameworks";
				PRODUCT_BUNDLE_IDENTIFIER = com.mobgen.test5;
				PRODUCT_NAME = "$(TARGET_NAME)";
				PROVISIONING_PROFILE = "e975d08a-8074-4f28-8536-5a2e850b7551";
				PROVISIONING_PROFILE_SPECIFIER = "Dev: com.mobgen.test5";
				SWIFT_VERSION = 4.0;
				TARGETED_DEVICE_FAMILY = "1,2";
			};
			name = Debug;
		};
		4FA8FD98204E9F7200346738 /* Release */ = {
			isa = XCBuildConfiguration;
			buildSettings = {
				ASSETCATALOG_COMPILER_APPICON_NAME = AppIcon;
				CODE_SIGN_ENTITLEMENTS = iOSTalk/iOSTalk.entitlements;
				CODE_SIGN_STYLE = Manual;
				DEVELOPMENT_TEAM = 4DWNK4MCTP;
				ENABLE_BITCODE = NO;
				FRAMEWORK_SEARCH_PATHS = (
					"$(inherited)",
					"$(PROJECT_DIR)/Carthage/Build/iOS",
				);
				INFOPLIST_FILE = iOSTalk/Info.plist;
				LD_RUNPATH_SEARCH_PATHS = "$(inherited) @executable_path/Frameworks";
				PRODUCT_BUNDLE_IDENTIFIER = com.mobgen.test5;
				PRODUCT_NAME = "$(TARGET_NAME)";
				PROVISIONING_PROFILE = "95ca7b4b-7c91-4294-aded-8577d40a9946";
				PROVISIONING_PROFILE_SPECIFIER = "Dev: com.mobgen.test5";
				SWIFT_VERSION = 4.0;
				TARGETED_DEVICE_FAMILY = "1,2";
			};
			name = Release;
		};
/* End XCBuildConfiguration section */

/* Begin XCConfigurationList section */
		4FA8FD7F204E9F7200346738 /* Build configuration list for PBXProject "iOSTalk" */ = {
			isa = XCConfigurationList;
			buildConfigurations = (
				4FA8FD94204E9F7200346738 /* Debug */,
				4FA8FD95204E9F7200346738 /* Release */,
			);
			defaultConfigurationIsVisible = 0;
			defaultConfigurationName = Release;
		};
		4FA8FD96204E9F7200346738 /* Build configuration list for PBXNativeTarget "iOSTalk" */ = {
			isa = XCConfigurationList;
			buildConfigurations = (
				4FA8FD97204E9F7200346738 /* Debug */,
				4FA8FD98204E9F7200346738 /* Release */,
			);
			defaultConfigurationIsVisible = 0;
			defaultConfigurationName = Release;
		};
/* End XCConfigurationList section */
	};
	rootObject = 4FA8FD7C204E9F7200346738 /* Project object */;
}
